
Microsoft Visual Studio Solution File, Format Version 12.00
# Visual Studio Version 16
VisualStudioVersion = 16.0.30517.126
MinimumVisualStudioVersion = 10.0.40219.1
Project("{FAE04EC0-301F-11D3-BF4B-00C04F79EFBC}") = "RandomNumberGenerators", "RandomNumberGenerators\RandomNumberGenerators.csproj", "{5B8794CE-F6B8-4A6A-A9FB-E1E8C8D0E51F}"
EndProject
Project("{FAE04EC0-301F-11D3-BF4B-00C04F79EFBC}") = "EpicDiceGame", "EpicDiceGame\EpicDiceGame.csproj", "{6EBF7A33-4CAF-4210-A767-BAD9EB9C2B2A}"
EndProject
Global
	GlobalSection(SolutionConfigurationPlatforms) = preSolution
		Debug|Any CPU = Debug|Any CPU
		Release|Any CPU = Release|Any CPU
	EndGlobalSection
	GlobalSection(ProjectConfigurationPlatforms) = postSolution
		{5B8794CE-F6B8-4A6A-A9FB-E1E8C8D0E51F}.Debug|Any CPU.ActiveCfg = Debug|Any CPU
		{5B8794CE-F6B8-4A6A-A9FB-E1E8C8D0E51F}.Debug|Any CPU.Build.0 = Debug|Any CPU
		{5B8794CE-F6B8-4A6A-A9FB-E1E8C8D0E51F}.Release|Any CPU.ActiveCfg = Release|Any CPU
		{5B8794CE-F6B8-4A6A-A9FB-E1E8C8D0E51F}.Release|Any CPU.Build.0 = Release|Any CPU
		{6EBF7A33-4CAF-4210-A767-BAD9EB9C2B2A}.Debug|Any CPU.ActiveCfg = Debug|Any CPU
		{6EBF7A33-4CAF-4210-A767-BAD9EB9C2B2A}.Debug|Any CPU.Build.0 = Debug|Any CPU
		{6EBF7A33-4CAF-4210-A767-BAD9EB9C2B2A}.Release|Any CPU.ActiveCfg = Release|Any CPU
		{6EBF7A33-4CAF-4210-A767-BAD9EB9C2B2A}.Release|Any CPU.Build.0 = Release|Any CPU
	EndGlobalSection
	GlobalSection(SolutionProperties) = preSolution
		HideSolutionNode = FALSE
	EndGlobalSection
	GlobalSection(ExtensibilityGlobals) = postSolution
		SolutionGuid = {DC393F94-0220-4395-A6BF-AAFA17FBE0FD}
	EndGlobalSection
EndGlobal
